// !$*UTF8*$!
{
	archiveVersion = 1;
	classes = {
	};
	objectVersion = 50;
	objects = {

/* Begin PBXBuildFile section */
		1AE9D17326108930002AFB45 /* AppDelegate.swift in Sources */ = {isa = PBXBuildFile; fileRef = 1AE9D17226108930002AFB45 /* AppDelegate.swift */; };
		1AE9D17526108930002AFB45 /* SceneDelegate.swift in Sources */ = {isa = PBXBuildFile; fileRef = 1AE9D17426108930002AFB45 /* SceneDelegate.swift */; };
		1AE9D17A26108930002AFB45 /* Main.storyboard in Resources */ = {isa = PBXBuildFile; fileRef = 1AE9D17826108930002AFB45 /* Main.storyboard */; };
		1AE9D17C26108931002AFB45 /* Assets.xcassets in Resources */ = {isa = PBXBuildFile; fileRef = 1AE9D17B26108931002AFB45 /* Assets.xcassets */; };
		1AE9D17F26108931002AFB45 /* LaunchScreen.storyboard in Resources */ = {isa = PBXBuildFile; fileRef = 1AE9D17D26108931002AFB45 /* LaunchScreen.storyboard */; };
		1AE9D18C261089E1002AFB45 /* NewsTableViewController.swift in Sources */ = {isa = PBXBuildFile; fileRef = 1AE9D18B261089E1002AFB45 /* NewsTableViewController.swift */; };
		1AE9D19026108B87002AFB45 /* NewsClient .swift in Sources */ = {isa = PBXBuildFile; fileRef = 1AE9D18F26108B87002AFB45 /* NewsClient .swift */; };
		1AE9D1932610983C002AFB45 /* Post.swift in Sources */ = {isa = PBXBuildFile; fileRef = 1AE9D1922610983C002AFB45 /* Post.swift */; };
		1AE9D19626109870002AFB45 /* NewsResponse.swift in Sources */ = {isa = PBXBuildFile; fileRef = 1AE9D19526109870002AFB45 /* NewsResponse.swift */; };
		1AE9D19A2610A380002AFB45 /* PostTableViewCell.swift in Sources */ = {isa = PBXBuildFile; fileRef = 1AE9D1982610A380002AFB45 /* PostTableViewCell.swift */; };
		1AE9D19B2610A380002AFB45 /* PostTableViewCell.xib in Resources */ = {isa = PBXBuildFile; fileRef = 1AE9D1992610A380002AFB45 /* PostTableViewCell.xib */; };
		1AE9D1A02610C2B8002AFB45 /* WebKitViewController.swift in Sources */ = {isa = PBXBuildFile; fileRef = 1AE9D19F2610C2B8002AFB45 /* WebKitViewController.swift */; };
/* End PBXBuildFile section */

/* Begin PBXFileReference section */
		1AE9D16F26108930002AFB45 /* News.app */ = {isa = PBXFileReference; explicitFileType = wrapper.application; includeInIndex = 0; path = News.app; sourceTree = BUILT_PRODUCTS_DIR; };
		1AE9D17226108930002AFB45 /* AppDelegate.swift */ = {isa = PBXFileReference; lastKnownFileType = sourcecode.swift; path = AppDelegate.swift; sourceTree = "<group>"; };
		1AE9D17426108930002AFB45 /* SceneDelegate.swift */ = {isa = PBXFileReference; lastKnownFileType = sourcecode.swift; path = SceneDelegate.swift; sourceTree = "<group>"; };
		1AE9D17926108930002AFB45 /* Base */ = {isa = PBXFileReference; lastKnownFileType = file.storyboard; name = Base; path = Base.lproj/Main.storyboard; sourceTree = "<group>"; };
		1AE9D17B26108931002AFB45 /* Assets.xcassets */ = {isa = PBXFileReference; lastKnownFileType = folder.assetcatalog; path = Assets.xcassets; sourceTree = "<group>"; };
		1AE9D17E26108931002AFB45 /* Base */ = {isa = PBXFileReference; lastKnownFileType = file.storyboard; name = Base; path = Base.lproj/LaunchScreen.storyboard; sourceTree = "<group>"; };
		1AE9D18026108931002AFB45 /* Info.plist */ = {isa = PBXFileReference; lastKnownFileType = text.plist.xml; path = Info.plist; sourceTree = "<group>"; };
		1AE9D18B261089E1002AFB45 /* NewsTableViewController.swift */ = {isa = PBXFileReference; lastKnownFileType = sourcecode.swift; path = NewsTableViewController.swift; sourceTree = "<group>"; };
		1AE9D18F26108B87002AFB45 /* NewsClient .swift */ = {isa = PBXFileReference; lastKnownFileType = sourcecode.swift; path = "NewsClient .swift"; sourceTree = "<group>"; };
		1AE9D1922610983C002AFB45 /* Post.swift */ = {isa = PBXFileReference; lastKnownFileType = sourcecode.swift; path = Post.swift; sourceTree = "<group>"; };
		1AE9D19526109870002AFB45 /* NewsResponse.swift */ = {isa = PBXFileReference; lastKnownFileType = sourcecode.swift; path = NewsResponse.swift; sourceTree = "<group>"; };
		1AE9D1982610A380002AFB45 /* PostTableViewCell.swift */ = {isa = PBXFileReference; lastKnownFileType = sourcecode.swift; path = PostTableViewCell.swift; sourceTree = "<group>"; };
		1AE9D1992610A380002AFB45 /* PostTableViewCell.xib */ = {isa = PBXFileReference; lastKnownFileType = file.xib; path = PostTableViewCell.xib; sourceTree = "<group>"; };
		1AE9D19F2610C2B8002AFB45 /* WebKitViewController.swift */ = {isa = PBXFileReference; lastKnownFileType = sourcecode.swift; path = WebKitViewController.swift; sourceTree = "<group>"; };
/* End PBXFileReference section */

/* Begin PBXFrameworksBuildPhase section */
		1AE9D16C26108930002AFB45 /* Frameworks */ = {
			isa = PBXFrameworksBuildPhase;
			buildActionMask = 2147483647;
			files = (
			);
			runOnlyForDeploymentPostprocessing = 0;
		};
/* End PBXFrameworksBuildPhase section */

/* Begin PBXGroup section */
		1AE9D16626108930002AFB45 = {
			isa = PBXGroup;
			children = (
				1AE9D17126108930002AFB45 /* News */,
				1AE9D17026108930002AFB45 /* Products */,
			);
			sourceTree = "<group>";
		};
		1AE9D17026108930002AFB45 /* Products */ = {
			isa = PBXGroup;
			children = (
				1AE9D16F26108930002AFB45 /* News.app */,
			);
			name = Products;
			sourceTree = "<group>";
		};
		1AE9D17126108930002AFB45 /* News */ = {
			isa = PBXGroup;
			children = (
				1AE9D18B261089E1002AFB45 /* NewsTableViewController.swift */,
				1AE9D19F2610C2B8002AFB45 /* WebKitViewController.swift */,
				1AE9D1982610A380002AFB45 /* PostTableViewCell.swift */,
				1AE9D1992610A380002AFB45 /* PostTableViewCell.xib */,
				1AE9D18F26108B87002AFB45 /* NewsClient .swift */,
				1AE9D19526109870002AFB45 /* NewsResponse.swift */,
				1AE9D1922610983C002AFB45 /* Post.swift */,
				1AE9D17826108930002AFB45 /* Main.storyboard */,
				1AE9D18826108949002AFB45 /* Supporting Files */,
				1AE9D18026108931002AFB45 /* Info.plist */,
			);
			path = News;
			sourceTree = "<group>";
		};
		1AE9D18826108949002AFB45 /* Supporting Files */ = {
			isa = PBXGroup;
			children = (
				1AE9D17B26108931002AFB45 /* Assets.xcassets */,
				1AE9D17426108930002AFB45 /* SceneDelegate.swift */,
				1AE9D17226108930002AFB45 /* AppDelegate.swift */,
				1AE9D17D26108931002AFB45 /* LaunchScreen.storyboard */,
			);
			path = "Supporting Files";
			sourceTree = "<group>";
		};
/* End PBXGroup section */

/* Begin PBXNativeTarget section */
		1AE9D16E26108930002AFB45 /* News */ = {
			isa = PBXNativeTarget;
			buildConfigurationList = 1AE9D18326108931002AFB45 /* Build configuration list for PBXNativeTarget "News" */;
			buildPhases = (
				1AE9D16B26108930002AFB45 /* Sources */,
				1AE9D16C26108930002AFB45 /* Frameworks */,
				1AE9D16D26108930002AFB45 /* Resources */,
			);
			buildRules = (
			);
			dependencies = (
			);
			name = News;
			productName = News;
			productReference = 1AE9D16F26108930002AFB45 /* News.app */;
			productType = "com.apple.product-type.application";
		};
/* End PBXNativeTarget section */

/* Begin PBXProject section */
		1AE9D16726108930002AFB45 /* Project object */ = {
			isa = PBXProject;
			attributes = {
				LastSwiftUpdateCheck = 1220;
				LastUpgradeCheck = 1220;
				TargetAttributes = {
					1AE9D16E26108930002AFB45 = {
						CreatedOnToolsVersion = 12.2;
					};
				};
			};
			buildConfigurationList = 1AE9D16A26108930002AFB45 /* Build configuration list for PBXProject "News" */;
			compatibilityVersion = "Xcode 9.3";
			developmentRegion = en;
			hasScannedForEncodings = 0;
			knownRegions = (
				en,
				Base,
			);
			mainGroup = 1AE9D16626108930002AFB45;
			productRefGroup = 1AE9D17026108930002AFB45 /* Products */;
			projectDirPath = "";
			projectRoot = "";
			targets = (
				1AE9D16E26108930002AFB45 /* News */,
			);
		};
/* End PBXProject section */

/* Begin PBXResourcesBuildPhase section */
		1AE9D16D26108930002AFB45 /* Resources */ = {
			isa = PBXResourcesBuildPhase;
			buildActionMask = 2147483647;
			files = (
				1AE9D17F26108931002AFB45 /* LaunchScreen.storyboard in Resources */,
				1AE9D17C26108931002AFB45 /* Assets.xcassets in Resources */,
				1AE9D17A26108930002AFB45 /* Main.storyboard in Resources */,
				1AE9D19B2610A380002AFB45 /* PostTableViewCell.xib in Resources */,
			);
			runOnlyForDeploymentPostprocessing = 0;
		};
/* End PBXResourcesBuildPhase section */

/* Begin PBXSourcesBuildPhase section */
		1AE9D16B26108930002AFB45 /* Sources */ = {
			isa = PBXSourcesBuildPhase;
			buildActionMask = 2147483647;
			files = (
				1AE9D19A2610A380002AFB45 /* PostTableViewCell.swift in Sources */,
				1AE9D19026108B87002AFB45 /* NewsClient .swift in Sources */,
				1AE9D1A02610C2B8002AFB45 /* WebKitViewController.swift in Sources */,
				1AE9D17326108930002AFB45 /* AppDelegate.swift in Sources */,
				1AE9D17526108930002AFB45 /* SceneDelegate.swift in Sources */,
				1AE9D18C261089E1002AFB45 /* NewsTableViewController.swift in Sources */,
				1AE9D1932610983C002AFB45 /* Post.swift in Sources */,
				1AE9D19626109870002AFB45 /* NewsResponse.swift in Sources */,
			);
			runOnlyForDeploymentPostprocessing = 0;
		};
/* End PBXSourcesBuildPhase section */

/* Begin PBXVariantGroup section */
		1AE9D17826108930002AFB45 /* Main.storyboard */ = {
			isa = PBXVariantGroup;
			children = (
				1AE9D17926108930002AFB45 /* Base */,
			);
			name = Main.storyboard;
			sourceTree = "<group>";
		};
		1AE9D17D26108931002AFB45 /* LaunchScreen.storyboard */ = {
			isa = PBXVariantGroup;
			children = (
				1AE9D17E26108931002AFB45 /* Base */,
			);
			name = LaunchScreen.storyboard;
			sourceTree = "<group>";
		};
/* End PBXVariantGroup section */

/* Begin XCBuildConfiguration section */
		1AE9D18126108931002AFB45 /* Debug */ = {
			isa = XCBuildConfiguration;
			buildSettings = {
				ALWAYS_SEARCH_USER_PATHS = NO;
				CLANG_ANALYZER_NONNULL = YES;
				CLANG_ANALYZER_NUMBER_OBJECT_CONVERSION = YES_AGGRESSIVE;
				CLANG_CXX_LANGUAGE_STANDARD = "gnu++14";
				CLANG_CXX_LIBRARY = "libc++";
				CLANG_ENABLE_MODULES = YES;
				CLANG_ENABLE_OBJC_ARC = YES;
				CLANG_ENABLE_OBJC_WEAK = YES;
				CLANG_WARN_BLOCK_CAPTURE_AUTORELEASING = YES;
				CLANG_WARN_BOOL_CONVERSION = YES;
				CLANG_WARN_COMMA = YES;
				CLANG_WARN_CONSTANT_CONVERSION = YES;
				CLANG_WARN_DEPRECATED_OBJC_IMPLEMENTATIONS = YES;
				CLANG_WARN_DIRECT_OBJC_ISA_USAGE = YES_ERROR;
				CLANG_WARN_DOCUMENTATION_COMMENTS = YES;
				CLANG_WARN_EMPTY_BODY = YES;
				CLANG_WARN_ENUM_CONVERSION = YES;
				CLANG_WARN_INFINITE_RECURSION = YES;
				CLANG_WARN_INT_CONVERSION = YES;
				CLANG_WARN_NON_LITERAL_NULL_CONVERSION = YES;
				CLANG_WARN_OBJC_IMPLICIT_RETAIN_SELF = YES;
				CLANG_WARN_OBJC_LITERAL_CONVERSION = YES;
				CLANG_WARN_OBJC_ROOT_CLASS = YES_ERROR;
				CLANG_WARN_QUOTED_INCLUDE_IN_FRAMEWORK_HEADER = YES;
				CLANG_WARN_RANGE_LOOP_ANALYSIS = YES;
				CLANG_WARN_STRICT_PROTOTYPES = YES;
				CLANG_WARN_SUSPICIOUS_MOVE = YES;
				CLANG_WARN_UNGUARDED_AVAILABILITY = YES_AGGRESSIVE;
				CLANG_WARN_UNREACHABLE_CODE = YES;
				CLANG_WARN__DUPLICATE_METHOD_MATCH = YES;
				COPY_PHASE_STRIP = NO;
				DEBUG_INFORMATION_FORMAT = dwarf;
				ENABLE_STRICT_OBJC_MSGSEND = YES;
				ENABLE_TESTABILITY = YES;
				GCC_C_LANGUAGE_STANDARD = gnu11;
				GCC_DYNAMIC_NO_PIC = NO;
				GCC_NO_COMMON_BLOCKS = YES;
				GCC_OPTIMIZATION_LEVEL = 0;
				GCC_PREPROCESSOR_DEFINITIONS = (
					"DEBUG=1",
					"$(inherited)",
				);
				GCC_WARN_64_TO_32_BIT_CONVERSION = YES;
				GCC_WARN_ABOUT_RETURN_TYPE = YES_ERROR;
				GCC_WARN_UNDECLARED_SELECTOR = YES;
				GCC_WARN_UNINITIALIZED_AUTOS = YES_AGGRESSIVE;
				GCC_WARN_UNUSED_FUNCTION = YES;
				GCC_WARN_UNUSED_VARIABLE = YES;
				IPHONEOS_DEPLOYMENT_TARGET = 14.2;
				MTL_ENABLE_DEBUG_INFO = INCLUDE_SOURCE;
				MTL_FAST_MATH = YES;
				ONLY_ACTIVE_ARCH = YES;
				SDKROOT = iphoneos;
				SWIFT_ACTIVE_COMPILATION_CONDITIONS = DEBUG;
				SWIFT_OPTIMIZATION_LEVEL = "-Onone";
			};
			name = Debug;
		};
		1AE9D18226108931002AFB45 /* Release */ = {
			isa = XCBuildConfiguration;
			buildSettings = {
				ALWAYS_SEARCH_USER_PATHS = NO;
				CLANG_ANALYZER_NONNULL = YES;
				CLANG_ANALYZER_NUMBER_OBJECT_CONVERSION = YES_AGGRESSIVE;
				CLANG_CXX_LANGUAGE_STANDARD = "gnu++14";
				CLANG_CXX_LIBRARY = "libc++";
				CLANG_ENABLE_MODULES = YES;
				CLANG_ENABLE_OBJC_ARC = YES;
				CLANG_ENABLE_OBJC_WEAK = YES;
				CLANG_WARN_BLOCK_CAPTURE_AUTORELEASING = YES;
				CLANG_WARN_BOOL_CONVERSION = YES;
				CLANG_WARN_COMMA = YES;
				CLANG_WARN_CONSTANT_CONVERSION = YES;
				CLANG_WARN_DEPRECATED_OBJC_IMPLEMENTATIONS = YES;
				CLANG_WARN_DIRECT_OBJC_ISA_USAGE = YES_ERROR;
				CLANG_WARN_DOCUMENTATION_COMMENTS = YES;
				CLANG_WARN_EMPTY_BODY = YES;
				CLANG_WARN_ENUM_CONVERSION = YES;
				CLANG_WARN_INFINITE_RECURSION = YES;
				CLANG_WARN_INT_CONVERSION = YES;
				CLANG_WARN_NON_LITERAL_NULL_CONVERSION = YES;
				CLANG_WARN_OBJC_IMPLICIT_RETAIN_SELF = YES;
				CLANG_WARN_OBJC_LITERAL_CONVERSION = YES;
				CLANG_WARN_OBJC_ROOT_CLASS = YES_ERROR;
				CLANG_WARN_QUOTED_INCLUDE_IN_FRAMEWORK_HEADER = YES;
				CLANG_WARN_RANGE_LOOP_ANALYSIS = YES;
				CLANG_WARN_STRICT_PROTOTYPES = YES;
				CLANG_WARN_SUSPICIOUS_MOVE = YES;
				CLANG_WARN_UNGUARDED_AVAILABILITY = YES_AGGRESSIVE;
				CLANG_WARN_UNREACHABLE_CODE = YES;
				CLANG_WARN__DUPLICATE_METHOD_MATCH = YES;
				COPY_PHASE_STRIP = NO;
				DEBUG_INFORMATION_FORMAT = "dwarf-with-dsym";
				ENABLE_NS_ASSERTIONS = NO;
				ENABLE_STRICT_OBJC_MSGSEND = YES;
				GCC_C_LANGUAGE_STANDARD = gnu11;
				GCC_NO_COMMON_BLOCKS = YES;
				GCC_WARN_64_TO_32_BIT_CONVERSION = YES;
				GCC_WARN_ABOUT_RETURN_TYPE = YES_ERROR;
				GCC_WARN_UNDECLARED_SELECTOR = YES;
				GCC_WARN_UNINITIALIZED_AUTOS = YES_AGGRESSIVE;
				GCC_WARN_UNUSED_FUNCTION = YES;
				GCC_WARN_UNUSED_VARIABLE = YES;
				IPHONEOS_DEPLOYMENT_TARGET = 14.2;
				MTL_ENABLE_DEBUG_INFO = NO;
				MTL_FAST_MATH = YES;
				SDKROOT = iphoneos;
				SWIFT_COMPILATION_MODE = wholemodule;
				SWIFT_OPTIMIZATION_LEVEL = "-O";
				VALIDATE_PRODUCT = YES;
			};
			name = Release;
		};
		1AE9D18426108931002AFB45 /* Debug */ = {
			isa = XCBuildConfiguration;
			buildSettings = {
				ASSETCATALOG_COMPILER_APPICON_NAME = AppIcon;
				ASSETCATALOG_COMPILER_GLOBAL_ACCENT_COLOR_NAME = AccentColor;
				CODE_SIGN_STYLE = Automatic;
				DEVELOPMENT_TEAM = W3N523VDD8;
				INFOPLIST_FILE = News/Info.plist;
				LD_RUNPATH_SEARCH_PATHS = (
					"$(inherited)",
					"@executable_path/Frameworks",
				);
				PRODUCT_BUNDLE_IDENTIFIER = JacksonnBas.News;
				PRODUCT_NAME = "$(TARGET_NAME)";
				SWIFT_VERSION = 5.0;
				TARGETED_DEVICE_FAMILY = "1,2";
			};
			name = Debug;
		};
		1AE9D18526108931002AFB45 /* Release */ = {
			isa = XCBuildConfiguration;
			buildSettings = {
				ASSETCATALOG_COMPILER_APPICON_NAME = AppIcon;
				ASSETCATALOG_COMPILER_GLOBAL_ACCENT_COLOR_NAME = AccentColor;
				CODE_SIGN_STYLE = Automatic;
				DEVELOPMENT_TEAM = W3N523VDD8;
				INFOPLIST_FILE = News/Info.plist;
				LD_RUNPATH_SEARCH_PATHS = (
					"$(inherited)",
					"@executable_path/Frameworks",
				);
				PRODUCT_BUNDLE_IDENTIFIER = JacksonnBas.News;
				PRODUCT_NAME = "$(TARGET_NAME)";
				SWIFT_VERSION = 5.0;
				TARGETED_DEVICE_FAMILY = "1,2";
			};
			name = Release;
		};
/* End XCBuildConfiguration section */

/* Begin XCConfigurationList section */
		1AE9D16A26108930002AFB45 /* Build configuration list for PBXProject "News" */ = {
			isa = XCConfigurationList;
			buildConfigurations = (
				1AE9D18126108931002AFB45 /* Debug */,
				1AE9D18226108931002AFB45 /* Release */,
			);
			defaultConfigurationIsVisible = 0;
			defaultConfigurationName = Release;
		};
		1AE9D18326108931002AFB45 /* Build configuration list for PBXNativeTarget "News" */ = {
			isa = XCConfigurationList;
			buildConfigurations = (
				1AE9D18426108931002AFB45 /* Debug */,
				1AE9D18526108931002AFB45 /* Release */,
			);
			defaultConfigurationIsVisible = 0;
			defaultConfigurationName = Release;
		};
/* End XCConfigurationList section */
	};
	rootObject = 1AE9D16726108930002AFB45 /* Project object */;
}
